
Microsoft Visual Studio Solution File, Format Version 12.00
# Visual Studio Version 17
VisualStudioVersion = 17.3.32901.215
MinimumVisualStudioVersion = 10.0.40219.1
Project("{FAE04EC0-301F-11D3-BF4B-00C04F79EFBC}") = "TE_CSharp", "TE_CSharp\TE_CSharp.csproj", "{1C7634C8-A444-42D4-965C-B8B80FE84E6B}"
EndProject
Global
	GlobalSection(SolutionConfigurationPlatforms) = preSolution
		Debug|Any CPU = Debug|Any CPU
		Release|Any CPU = Release|Any CPU
	EndGlobalSection
	GlobalSection(ProjectConfigurationPlatforms) = postSolution
		{1C7634C8-A444-42D4-965C-B8B80FE84E6B}.Debug|Any CPU.ActiveCfg = Debug|Any CPU
		{1C7634C8-A444-42D4-965C-B8B80FE84E6B}.Debug|Any CPU.Build.0 = Debug|Any CPU
		{1C7634C8-A444-42D4-965C-B8B80FE84E6B}.Release|Any CPU.ActiveCfg = Release|Any CPU
		{1C7634C8-A444-42D4-965C-B8B80FE84E6B}.Release|Any CPU.Build.0 = Release|Any CPU
	EndGlobalSection
	GlobalSection(SolutionProperties) = preSolution
		HideSolutionNode = FALSE
	EndGlobalSection
	GlobalSection(ExtensibilityGlobals) = postSolution
		SolutionGuid = {45FEE81C-80A2-4DBD-836C-4731248EA479}
	EndGlobalSection
EndGlobal
